
Microsoft Visual Studio Solution File, Format Version 12.00
# Visual Studio 15
VisualStudioVersion = 15.0.27130.2027
MinimumVisualStudioVersion = 10.0.40219.1
Project("{FAE04EC0-301F-11D3-BF4B-00C04F79EFBC}") = "ModeSwitchCustom.Android", "ModeSwitch\ModeSwitch.Android\ModeSwitchCustom.Android.csproj", "{70C79831-E0B6-45EF-AD81-F887A9ECB01F}"
EndProject
Project("{FAE04EC0-301F-11D3-BF4B-00C04F79EFBC}") = "ModeSwitchCustom.iOS", "ModeSwitch\ModeSwitch.iOS\ModeSwitchCustom.iOS.csproj", "{D2C808AC-DC5C-4AC9-928F-978AECD06B7C}"
EndProject
Project("{FAE04EC0-301F-11D3-BF4B-00C04F79EFBC}") = "ModeSwitchCustom.UWP", "ModeSwitch\ModeSwitch.UWP\ModeSwitchCustom.UWP.csproj", "{11C2FE94-3234-4081-9D47-04134403A35F}"
EndProject
Project("{9A19103F-16F7-4668-BE54-9A1E7A4F7556}") = "ModeSwitchCustom", "ModeSwitch\ModeSwitch\ModeSwitchCustom.csproj", "{0913C3A3-CC18-4892-B6B0-426B6857C85B}"
EndProject
Global
	GlobalSection(SolutionConfigurationPlatforms) = preSolution
		Ad-Hoc|Any CPU = Ad-Hoc|Any CPU
		Ad-Hoc|ARM = Ad-Hoc|ARM
		Ad-Hoc|iPhone = Ad-Hoc|iPhone
		Ad-Hoc|iPhoneSimulator = Ad-Hoc|iPhoneSimulator
		Ad-Hoc|x64 = Ad-Hoc|x64
		Ad-Hoc|x86 = Ad-Hoc|x86
		AppStore|Any CPU = AppStore|Any CPU
		AppStore|ARM = AppStore|ARM
		AppStore|iPhone = AppStore|iPhone
		AppStore|iPhoneSimulator = AppStore|iPhoneSimulator
		AppStore|x64 = AppStore|x64
		AppStore|x86 = AppStore|x86
		Debug|Any CPU = Debug|Any CPU
		Debug|ARM = Debug|ARM
		Debug|iPhone = Debug|iPhone
		Debug|iPhoneSimulator = Debug|iPhoneSimulator
		Debug|x64 = Debug|x64
		Debug|x86 = Debug|x86
		Release|Any CPU = Release|Any CPU
		Release|ARM = Release|ARM
		Release|iPhone = Release|iPhone
		Release|iPhoneSimulator = Release|iPhoneSimulator
		Release|x64 = Release|x64
		Release|x86 = Release|x86
	EndGlobalSection
	GlobalSection(ProjectConfigurationPlatforms) = postSolution
		{70C79831-E0B6-45EF-AD81-F887A9ECB01F}.Ad-Hoc|Any CPU.ActiveCfg = Release|Any CPU
		{70C79831-E0B6-45EF-AD81-F887A9ECB01F}.Ad-Hoc|Any CPU.Build.0 = Release|Any CPU
		{70C79831-E0B6-45EF-AD81-F887A9ECB01F}.Ad-Hoc|Any CPU.Deploy.0 = Release|Any CPU
		{70C79831-E0B6-45EF-AD81-F887A9ECB01F}.Ad-Hoc|ARM.ActiveCfg = Release|Any CPU
		{70C79831-E0B6-45EF-AD81-F887A9ECB01F}.Ad-Hoc|ARM.Build.0 = Release|Any CPU
		{70C79831-E0B6-45EF-AD81-F887A9ECB01F}.Ad-Hoc|ARM.Deploy.0 = Release|Any CPU
		{70C79831-E0B6-45EF-AD81-F887A9ECB01F}.Ad-Hoc|iPhone.ActiveCfg = Release|Any CPU
		{70C79831-E0B6-45EF-AD81-F887A9ECB01F}.Ad-Hoc|iPhone.Build.0 = Release|Any CPU
		{70C79831-E0B6-45EF-AD81-F887A9ECB01F}.Ad-Hoc|iPhone.Deploy.0 = Release|Any CPU
		{70C79831-E0B6-45EF-AD81-F887A9ECB01F}.Ad-Hoc|iPhoneSimulator.ActiveCfg = Release|Any CPU
		{70C79831-E0B6-45EF-AD81-F887A9ECB01F}.Ad-Hoc|iPhoneSimulator.Build.0 = Release|Any CPU
		{70C79831-E0B6-45EF-AD81-F887A9ECB01F}.Ad-Hoc|iPhoneSimulator.Deploy.0 = Release|Any CPU
		{70C79831-E0B6-45EF-AD81-F887A9ECB01F}.Ad-Hoc|x64.ActiveCfg = Release|Any CPU
		{70C79831-E0B6-45EF-AD81-F887A9ECB01F}.Ad-Hoc|x64.Build.0 = Release|Any CPU
		{70C79831-E0B6-45EF-AD81-F887A9ECB01F}.Ad-Hoc|x64.Deploy.0 = Release|Any CPU
		{70C79831-E0B6-45EF-AD81-F887A9ECB01F}.Ad-Hoc|x86.ActiveCfg = Release|Any CPU
		{70C79831-E0B6-45EF-AD81-F887A9ECB01F}.Ad-Hoc|x86.Build.0 = Release|Any CPU
		{70C79831-E0B6-45EF-AD81-F887A9ECB01F}.Ad-Hoc|x86.Deploy.0 = Release|Any CPU
		{70C79831-E0B6-45EF-AD81-F887A9ECB01F}.AppStore|Any CPU.ActiveCfg = Release|Any CPU
		{70C79831-E0B6-45EF-AD81-F887A9ECB01F}.AppStore|Any CPU.Build.0 = Release|Any CPU
		{70C79831-E0B6-45EF-AD81-F887A9ECB01F}.AppStore|Any CPU.Deploy.0 = Release|Any CPU
		{70C79831-E0B6-45EF-AD81-F887A9ECB01F}.AppStore|ARM.ActiveCfg = Release|Any CPU
		{70C79831-E0B6-45EF-AD81-F887A9ECB01F}.AppStore|ARM.Build.0 = Release|Any CPU
		{70C79831-E0B6-45EF-AD81-F887A9ECB01F}.AppStore|ARM.Deploy.0 = Release|Any CPU
		{70C79831-E0B6-45EF-AD81-F887A9ECB01F}.AppStore|iPhone.ActiveCfg = Release|Any CPU
		{70C79831-E0B6-45EF-AD81-F887A9ECB01F}.AppStore|iPhone.Build.0 = Release|Any CPU
		{70C79831-E0B6-45EF-AD81-F887A9ECB01F}.AppStore|iPhone.Deploy.0 = Release|Any CPU
		{70C79831-E0B6-45EF-AD81-F887A9ECB01F}.AppStore|iPhoneSimulator.ActiveCfg = Release|Any CPU
		{70C79831-E0B6-45EF-AD81-F887A9ECB01F}.AppStore|iPhoneSimulator.Build.0 = Release|Any CPU
		{70C79831-E0B6-45EF-AD81-F887A9ECB01F}.AppStore|iPhoneSimulator.Deploy.0 = Release|Any CPU
		{70C79831-E0B6-45EF-AD81-F887A9ECB01F}.AppStore|x64.ActiveCfg = Release|Any CPU
		{70C79831-E0B6-45EF-AD81-F887A9ECB01F}.AppStore|x64.Build.0 = Release|Any CPU
		{70C79831-E0B6-45EF-AD81-F887A9ECB01F}.AppStore|x64.Deploy.0 = Release|Any CPU
		{70C79831-E0B6-45EF-AD81-F887A9ECB01F}.AppStore|x86.ActiveCfg = Release|Any CPU
		{70C79831-E0B6-45EF-AD81-F887A9ECB01F}.AppStore|x86.Build.0 = Release|Any CPU
		{70C79831-E0B6-45EF-AD81-F887A9ECB01F}.AppStore|x86.Deploy.0 = Release|Any CPU
		{70C79831-E0B6-45EF-AD81-F887A9ECB01F}.Debug|Any CPU.ActiveCfg = Debug|Any CPU
		{70C79831-E0B6-45EF-AD81-F887A9ECB01F}.Debug|Any CPU.Build.0 = Debug|Any CPU
		{70C79831-E0B6-45EF-AD81-F887A9ECB01F}.Debug|Any CPU.Deploy.0 = Debug|Any CPU
		{70C79831-E0B6-45EF-AD81-F887A9ECB01F}.Debug|ARM.ActiveCfg = Debug|Any CPU
		{70C79831-E0B6-45EF-AD81-F887A9ECB01F}.Debug|ARM.Build.0 = Debug|Any CPU
		{70C79831-E0B6-45EF-AD81-F887A9ECB01F}.Debug|ARM.Deploy.0 = Debug|Any CPU
		{70C79831-E0B6-45EF-AD81-F887A9ECB01F}.Debug|iPhone.ActiveCfg = Debug|Any CPU
		{70C79831-E0B6-45EF-AD81-F887A9ECB01F}.Debug|iPhone.Build.0 = Debug|Any CPU
		{70C79831-E0B6-45EF-AD81-F887A9ECB01F}.Debug|iPhone.Deploy.0 = Debug|Any CPU
		{70C79831-E0B6-45EF-AD81-F887A9ECB01F}.Debug|iPhoneSimulator.ActiveCfg = Debug|Any CPU
		{70C79831-E0B6-45EF-AD81-F887A9ECB01F}.Debug|iPhoneSimulator.Build.0 = Debug|Any CPU
		{70C79831-E0B6-45EF-AD81-F887A9ECB01F}.Debug|iPhoneSimulator.Deploy.0 = Debug|Any CPU
		{70C79831-E0B6-45EF-AD81-F887A9ECB01F}.Debug|x64.ActiveCfg = Debug|Any CPU
		{70C79831-E0B6-45EF-AD81-F887A9ECB01F}.Debug|x64.Build.0 = Debug|Any CPU
		{70C79831-E0B6-45EF-AD81-F887A9ECB01F}.Debug|x64.Deploy.0 = Debug|Any CPU
		{70C79831-E0B6-45EF-AD81-F887A9ECB01F}.Debug|x86.ActiveCfg = Debug|Any CPU
		{70C79831-E0B6-45EF-AD81-F887A9ECB01F}.Debug|x86.Build.0 = Debug|Any CPU
		{70C79831-E0B6-45EF-AD81-F887A9ECB01F}.Debug|x86.Deploy.0 = Debug|Any CPU
		{70C79831-E0B6-45EF-AD81-F887A9ECB01F}.Release|Any CPU.ActiveCfg = Release|Any CPU
		{70C79831-E0B6-45EF-AD81-F887A9ECB01F}.Release|Any CPU.Build.0 = Release|Any CPU
		{70C79831-E0B6-45EF-AD81-F887A9ECB01F}.Release|Any CPU.Deploy.0 = Release|Any CPU
		{70C79831-E0B6-45EF-AD81-F887A9ECB01F}.Release|ARM.ActiveCfg = Release|Any CPU
		{70C79831-E0B6-45EF-AD81-F887A9ECB01F}.Release|ARM.Build.0 = Release|Any CPU
		{70C79831-E0B6-45EF-AD81-F887A9ECB01F}.Release|ARM.Deploy.0 = Release|Any CPU
		{70C79831-E0B6-45EF-AD81-F887A9ECB01F}.Release|iPhone.ActiveCfg = Release|Any CPU
		{70C79831-E0B6-45EF-AD81-F887A9ECB01F}.Release|iPhone.Build.0 = Release|Any CPU
		{70C79831-E0B6-45EF-AD81-F887A9ECB01F}.Release|iPhone.Deploy.0 = Release|Any CPU
		{70C79831-E0B6-45EF-AD81-F887A9ECB01F}.Release|iPhoneSimulator.ActiveCfg = Release|Any CPU
		{70C79831-E0B6-45EF-AD81-F887A9ECB01F}.Release|iPhoneSimulator.Build.0 = Release|Any CPU
		{70C79831-E0B6-45EF-AD81-F887A9ECB01F}.Release|iPhoneSimulator.Deploy.0 = Release|Any CPU
		{70C79831-E0B6-45EF-AD81-F887A9ECB01F}.Release|x64.ActiveCfg = Release|Any CPU
		{70C79831-E0B6-45EF-AD81-F887A9ECB01F}.Release|x64.Build.0 = Release|Any CPU
		{70C79831-E0B6-45EF-AD81-F887A9ECB01F}.Release|x64.Deploy.0 = Release|Any CPU
		{70C79831-E0B6-45EF-AD81-F887A9ECB01F}.Release|x86.ActiveCfg = Release|Any CPU
		{70C79831-E0B6-45EF-AD81-F887A9ECB01F}.Release|x86.Build.0 = Release|Any CPU
		{70C79831-E0B6-45EF-AD81-F887A9ECB01F}.Release|x86.Deploy.0 = Release|Any CPU
		{D2C808AC-DC5C-4AC9-928F-978AECD06B7C}.Ad-Hoc|Any CPU.ActiveCfg = Ad-Hoc|iPhone
		{D2C808AC-DC5C-4AC9-928F-978AECD06B7C}.Ad-Hoc|ARM.ActiveCfg = Ad-Hoc|iPhone
		{D2C808AC-DC5C-4AC9-928F-978AECD06B7C}.Ad-Hoc|iPhone.ActiveCfg = Ad-Hoc|iPhone
		{D2C808AC-DC5C-4AC9-928F-978AECD06B7C}.Ad-Hoc|iPhone.Build.0 = Ad-Hoc|iPhone
		{D2C808AC-DC5C-4AC9-928F-978AECD06B7C}.Ad-Hoc|iPhoneSimulator.ActiveCfg = Ad-Hoc|iPhoneSimulator
		{D2C808AC-DC5C-4AC9-928F-978AECD06B7C}.Ad-Hoc|iPhoneSimulator.Build.0 = Ad-Hoc|iPhoneSimulator
		{D2C808AC-DC5C-4AC9-928F-978AECD06B7C}.Ad-Hoc|x64.ActiveCfg = Ad-Hoc|iPhone
		{D2C808AC-DC5C-4AC9-928F-978AECD06B7C}.Ad-Hoc|x86.ActiveCfg = Ad-Hoc|iPhone
		{D2C808AC-DC5C-4AC9-928F-978AECD06B7C}.AppStore|Any CPU.ActiveCfg = AppStore|iPhone
		{D2C808AC-DC5C-4AC9-928F-978AECD06B7C}.AppStore|ARM.ActiveCfg = AppStore|iPhone
		{D2C808AC-DC5C-4AC9-928F-978AECD06B7C}.AppStore|iPhone.ActiveCfg = AppStore|iPhone
		{D2C808AC-DC5C-4AC9-928F-978AECD06B7C}.AppStore|iPhone.Build.0 = AppStore|iPhone
		{D2C808AC-DC5C-4AC9-928F-978AECD06B7C}.AppStore|iPhoneSimulator.ActiveCfg = AppStore|iPhoneSimulator
		{D2C808AC-DC5C-4AC9-928F-978AECD06B7C}.AppStore|iPhoneSimulator.Build.0 = AppStore|iPhoneSimulator
		{D2C808AC-DC5C-4AC9-928F-978AECD06B7C}.AppStore|x64.ActiveCfg = AppStore|iPhone
		{D2C808AC-DC5C-4AC9-928F-978AECD06B7C}.AppStore|x86.ActiveCfg = AppStore|iPhone
		{D2C808AC-DC5C-4AC9-928F-978AECD06B7C}.Debug|Any CPU.ActiveCfg = Debug|iPhone
		{D2C808AC-DC5C-4AC9-928F-978AECD06B7C}.Debug|ARM.ActiveCfg = Debug|iPhone
		{D2C808AC-DC5C-4AC9-928F-978AECD06B7C}.Debug|iPhone.ActiveCfg = Debug|iPhone
		{D2C808AC-DC5C-4AC9-928F-978AECD06B7C}.Debug|iPhone.Build.0 = Debug|iPhone
		{D2C808AC-DC5C-4AC9-928F-978AECD06B7C}.Debug|iPhoneSimulator.ActiveCfg = Debug|iPhoneSimulator
		{D2C808AC-DC5C-4AC9-928F-978AECD06B7C}.Debug|iPhoneSimulator.Build.0 = Debug|iPhoneSimulator
		{D2C808AC-DC5C-4AC9-928F-978AECD06B7C}.Debug|x64.ActiveCfg = Debug|iPhone
		{D2C808AC-DC5C-4AC9-928F-978AECD06B7C}.Debug|x86.ActiveCfg = Debug|iPhone
		{D2C808AC-DC5C-4AC9-928F-978AECD06B7C}.Release|Any CPU.ActiveCfg = Release|iPhone
		{D2C808AC-DC5C-4AC9-928F-978AECD06B7C}.Release|ARM.ActiveCfg = Release|iPhone
		{D2C808AC-DC5C-4AC9-928F-978AECD06B7C}.Release|iPhone.ActiveCfg = Release|iPhone
		{D2C808AC-DC5C-4AC9-928F-978AECD06B7C}.Release|iPhone.Build.0 = Release|iPhone
		{D2C808AC-DC5C-4AC9-928F-978AECD06B7C}.Release|iPhoneSimulator.ActiveCfg = Release|iPhoneSimulator
		{D2C808AC-DC5C-4AC9-928F-978AECD06B7C}.Release|iPhoneSimulator.Build.0 = Release|iPhoneSimulator
		{D2C808AC-DC5C-4AC9-928F-978AECD06B7C}.Release|x64.ActiveCfg = Release|iPhone
		{D2C808AC-DC5C-4AC9-928F-978AECD06B7C}.Release|x86.ActiveCfg = Release|iPhone
		{11C2FE94-3234-4081-9D47-04134403A35F}.Ad-Hoc|Any CPU.ActiveCfg = Release|x86
		{11C2FE94-3234-4081-9D47-04134403A35F}.Ad-Hoc|Any CPU.Build.0 = Release|x86
		{11C2FE94-3234-4081-9D47-04134403A35F}.Ad-Hoc|Any CPU.Deploy.0 = Release|x86
		{11C2FE94-3234-4081-9D47-04134403A35F}.Ad-Hoc|ARM.ActiveCfg = Release|ARM
		{11C2FE94-3234-4081-9D47-04134403A35F}.Ad-Hoc|ARM.Build.0 = Release|ARM
		{11C2FE94-3234-4081-9D47-04134403A35F}.Ad-Hoc|ARM.Deploy.0 = Release|ARM
		{11C2FE94-3234-4081-9D47-04134403A35F}.Ad-Hoc|iPhone.ActiveCfg = Release|x86
		{11C2FE94-3234-4081-9D47-04134403A35F}.Ad-Hoc|iPhone.Build.0 = Release|x86
		{11C2FE94-3234-4081-9D47-04134403A35F}.Ad-Hoc|iPhone.Deploy.0 = Release|x86
		{11C2FE94-3234-4081-9D47-04134403A35F}.Ad-Hoc|iPhoneSimulator.ActiveCfg = Release|x86
		{11C2FE94-3234-4081-9D47-04134403A35F}.Ad-Hoc|iPhoneSimulator.Build.0 = Release|x86
		{11C2FE94-3234-4081-9D47-04134403A35F}.Ad-Hoc|iPhoneSimulator.Deploy.0 = Release|x86
		{11C2FE94-3234-4081-9D47-04134403A35F}.Ad-Hoc|x64.ActiveCfg = Release|x64
		{11C2FE94-3234-4081-9D47-04134403A35F}.Ad-Hoc|x64.Build.0 = Release|x64
		{11C2FE94-3234-4081-9D47-04134403A35F}.Ad-Hoc|x64.Deploy.0 = Release|x64
		{11C2FE94-3234-4081-9D47-04134403A35F}.Ad-Hoc|x86.ActiveCfg = Release|x86
		{11C2FE94-3234-4081-9D47-04134403A35F}.Ad-Hoc|x86.Build.0 = Release|x86
		{11C2FE94-3234-4081-9D47-04134403A35F}.Ad-Hoc|x86.Deploy.0 = Release|x86
		{11C2FE94-3234-4081-9D47-04134403A35F}.AppStore|Any CPU.ActiveCfg = Release|x86
		{11C2FE94-3234-4081-9D47-04134403A35F}.AppStore|Any CPU.Build.0 = Release|x86
		{11C2FE94-3234-4081-9D47-04134403A35F}.AppStore|Any CPU.Deploy.0 = Release|x86
		{11C2FE94-3234-4081-9D47-04134403A35F}.AppStore|ARM.ActiveCfg = Release|ARM
		{11C2FE94-3234-4081-9D47-04134403A35F}.AppStore|ARM.Build.0 = Release|ARM
		{11C2FE94-3234-4081-9D47-04134403A35F}.AppStore|ARM.Deploy.0 = Release|ARM
		{11C2FE94-3234-4081-9D47-04134403A35F}.AppStore|iPhone.ActiveCfg = Release|x86
		{11C2FE94-3234-4081-9D47-04134403A35F}.AppStore|iPhone.Build.0 = Release|x86
		{11C2FE94-3234-4081-9D47-04134403A35F}.AppStore|iPhone.Deploy.0 = Release|x86
		{11C2FE94-3234-4081-9D47-04134403A35F}.AppStore|iPhoneSimulator.ActiveCfg = Release|x86
		{11C2FE94-3234-4081-9D47-04134403A35F}.AppStore|iPhoneSimulator.Build.0 = Release|x86
		{11C2FE94-3234-4081-9D47-04134403A35F}.AppStore|iPhoneSimulator.Deploy.0 = Release|x86
		{11C2FE94-3234-4081-9D47-04134403A35F}.AppStore|x64.ActiveCfg = Release|x64
		{11C2FE94-3234-4081-9D47-04134403A35F}.AppStore|x64.Build.0 = Release|x64
		{11C2FE94-3234-4081-9D47-04134403A35F}.AppStore|x64.Deploy.0 = Release|x64
		{11C2FE94-3234-4081-9D47-04134403A35F}.AppStore|x86.ActiveCfg = Release|x86
		{11C2FE94-3234-4081-9D47-04134403A35F}.AppStore|x86.Build.0 = Release|x86
		{11C2FE94-3234-4081-9D47-04134403A35F}.AppStore|x86.Deploy.0 = Release|x86
		{11C2FE94-3234-4081-9D47-04134403A35F}.Debug|Any CPU.ActiveCfg = Debug|x86
		{11C2FE94-3234-4081-9D47-04134403A35F}.Debug|ARM.ActiveCfg = Debug|ARM
		{11C2FE94-3234-4081-9D47-04134403A35F}.Debug|ARM.Build.0 = Debug|ARM
		{11C2FE94-3234-4081-9D47-04134403A35F}.Debug|ARM.Deploy.0 = Debug|ARM
		{11C2FE94-3234-4081-9D47-04134403A35F}.Debug|iPhone.ActiveCfg = Debug|x86
		{11C2FE94-3234-4081-9D47-04134403A35F}.Debug|iPhoneSimulator.ActiveCfg = Debug|x86
		{11C2FE94-3234-4081-9D47-04134403A35F}.Debug|x64.ActiveCfg = Debug|x64
		{11C2FE94-3234-4081-9D47-04134403A35F}.Debug|x64.Build.0 = Debug|x64
		{11C2FE94-3234-4081-9D47-04134403A35F}.Debug|x64.Deploy.0 = Debug|x64
		{11C2FE94-3234-4081-9D47-04134403A35F}.Debug|x86.ActiveCfg = Debug|x86
		{11C2FE94-3234-4081-9D47-04134403A35F}.Debug|x86.Build.0 = Debug|x86
		{11C2FE94-3234-4081-9D47-04134403A35F}.Debug|x86.Deploy.0 = Debug|x86
		{11C2FE94-3234-4081-9D47-04134403A35F}.Release|Any CPU.ActiveCfg = Release|x86
		{11C2FE94-3234-4081-9D47-04134403A35F}.Release|ARM.ActiveCfg = Release|ARM
		{11C2FE94-3234-4081-9D47-04134403A35F}.Release|ARM.Build.0 = Release|ARM
		{11C2FE94-3234-4081-9D47-04134403A35F}.Release|ARM.Deploy.0 = Release|ARM
		{11C2FE94-3234-4081-9D47-04134403A35F}.Release|iPhone.ActiveCfg = Release|x86
		{11C2FE94-3234-4081-9D47-04134403A35F}.Release|iPhoneSimulator.ActiveCfg = Release|x86
		{11C2FE94-3234-4081-9D47-04134403A35F}.Release|x64.ActiveCfg = Release|x64
		{11C2FE94-3234-4081-9D47-04134403A35F}.Release|x64.Build.0 = Release|x64
		{11C2FE94-3234-4081-9D47-04134403A35F}.Release|x64.Deploy.0 = Release|x64
		{11C2FE94-3234-4081-9D47-04134403A35F}.Release|x86.ActiveCfg = Release|x86
		{11C2FE94-3234-4081-9D47-04134403A35F}.Release|x86.Build.0 = Release|x86
		{11C2FE94-3234-4081-9D47-04134403A35F}.Release|x86.Deploy.0 = Release|x86
		{0913C3A3-CC18-4892-B6B0-426B6857C85B}.Ad-Hoc|Any CPU.ActiveCfg = Debug|Any CPU
		{0913C3A3-CC18-4892-B6B0-426B6857C85B}.Ad-Hoc|Any CPU.Build.0 = Debug|Any CPU
		{0913C3A3-CC18-4892-B6B0-426B6857C85B}.Ad-Hoc|ARM.ActiveCfg = Debug|Any CPU
		{0913C3A3-CC18-4892-B6B0-426B6857C85B}.Ad-Hoc|ARM.Build.0 = Debug|Any CPU
		{0913C3A3-CC18-4892-B6B0-426B6857C85B}.Ad-Hoc|iPhone.ActiveCfg = Debug|Any CPU
		{0913C3A3-CC18-4892-B6B0-426B6857C85B}.Ad-Hoc|iPhone.Build.0 = Debug|Any CPU
		{0913C3A3-CC18-4892-B6B0-426B6857C85B}.Ad-Hoc|iPhoneSimulator.ActiveCfg = Debug|Any CPU
		{0913C3A3-CC18-4892-B6B0-426B6857C85B}.Ad-Hoc|iPhoneSimulator.Build.0 = Debug|Any CPU
		{0913C3A3-CC18-4892-B6B0-426B6857C85B}.Ad-Hoc|x64.ActiveCfg = Debug|Any CPU
		{0913C3A3-CC18-4892-B6B0-426B6857C85B}.Ad-Hoc|x64.Build.0 = Debug|Any CPU
		{0913C3A3-CC18-4892-B6B0-426B6857C85B}.Ad-Hoc|x86.ActiveCfg = Debug|Any CPU
		{0913C3A3-CC18-4892-B6B0-426B6857C85B}.Ad-Hoc|x86.Build.0 = Debug|Any CPU
		{0913C3A3-CC18-4892-B6B0-426B6857C85B}.AppStore|Any CPU.ActiveCfg = Debug|Any CPU
		{0913C3A3-CC18-4892-B6B0-426B6857C85B}.AppStore|Any CPU.Build.0 = Debug|Any CPU
		{0913C3A3-CC18-4892-B6B0-426B6857C85B}.AppStore|ARM.ActiveCfg = Debug|Any CPU
		{0913C3A3-CC18-4892-B6B0-426B6857C85B}.AppStore|ARM.Build.0 = Debug|Any CPU
		{0913C3A3-CC18-4892-B6B0-426B6857C85B}.AppStore|iPhone.ActiveCfg = Debug|Any CPU
		{0913C3A3-CC18-4892-B6B0-426B6857C85B}.AppStore|iPhone.Build.0 = Debug|Any CPU
		{0913C3A3-CC18-4892-B6B0-426B6857C85B}.AppStore|iPhoneSimulator.ActiveCfg = Debug|Any CPU
		{0913C3A3-CC18-4892-B6B0-426B6857C85B}.AppStore|iPhoneSimulator.Build.0 = Debug|Any CPU
		{0913C3A3-CC18-4892-B6B0-426B6857C85B}.AppStore|x64.ActiveCfg = Debug|Any CPU
		{0913C3A3-CC18-4892-B6B0-426B6857C85B}.AppStore|x64.Build.0 = Debug|Any CPU
		{0913C3A3-CC18-4892-B6B0-426B6857C85B}.AppStore|x86.ActiveCfg = Debug|Any CPU
		{0913C3A3-CC18-4892-B6B0-426B6857C85B}.AppStore|x86.Build.0 = Debug|Any CPU
		{0913C3A3-CC18-4892-B6B0-426B6857C85B}.Debug|Any CPU.ActiveCfg = Debug|Any CPU
		{0913C3A3-CC18-4892-B6B0-426B6857C85B}.Debug|Any CPU.Build.0 = Debug|Any CPU
		{0913C3A3-CC18-4892-B6B0-426B6857C85B}.Debug|ARM.ActiveCfg = Debug|Any CPU
		{0913C3A3-CC18-4892-B6B0-426B6857C85B}.Debug|ARM.Build.0 = Debug|Any CPU
		{0913C3A3-CC18-4892-B6B0-426B6857C85B}.Debug|iPhone.ActiveCfg = Debug|Any CPU
		{0913C3A3-CC18-4892-B6B0-426B6857C85B}.Debug|iPhone.Build.0 = Debug|Any CPU
		{0913C3A3-CC18-4892-B6B0-426B6857C85B}.Debug|iPhoneSimulator.ActiveCfg = Debug|Any CPU
		{0913C3A3-CC18-4892-B6B0-426B6857C85B}.Debug|iPhoneSimulator.Build.0 = Debug|Any CPU
		{0913C3A3-CC18-4892-B6B0-426B6857C85B}.Debug|x64.ActiveCfg = Debug|Any CPU
		{0913C3A3-CC18-4892-B6B0-426B6857C85B}.Debug|x64.Build.0 = Debug|Any CPU
		{0913C3A3-CC18-4892-B6B0-426B6857C85B}.Debug|x86.ActiveCfg = Debug|Any CPU
		{0913C3A3-CC18-4892-B6B0-426B6857C85B}.Debug|x86.Build.0 = Debug|Any CPU
		{0913C3A3-CC18-4892-B6B0-426B6857C85B}.Release|Any CPU.ActiveCfg = Release|Any CPU
		{0913C3A3-CC18-4892-B6B0-426B6857C85B}.Release|Any CPU.Build.0 = Release|Any CPU
		{0913C3A3-CC18-4892-B6B0-426B6857C85B}.Release|ARM.ActiveCfg = Release|Any CPU
		{0913C3A3-CC18-4892-B6B0-426B6857C85B}.Release|ARM.Build.0 = Release|Any CPU
		{0913C3A3-CC18-4892-B6B0-426B6857C85B}.Release|iPhone.ActiveCfg = Release|Any CPU
		{0913C3A3-CC18-4892-B6B0-426B6857C85B}.Release|iPhone.Build.0 = Release|Any CPU
		{0913C3A3-CC18-4892-B6B0-426B6857C85B}.Release|iPhoneSimulator.ActiveCfg = Release|Any CPU
		{0913C3A3-CC18-4892-B6B0-426B6857C85B}.Release|iPhoneSimulator.Build.0 = Release|Any CPU
		{0913C3A3-CC18-4892-B6B0-426B6857C85B}.Release|x64.ActiveCfg = Release|Any CPU
		{0913C3A3-CC18-4892-B6B0-426B6857C85B}.Release|x64.Build.0 = Release|Any CPU
		{0913C3A3-CC18-4892-B6B0-426B6857C85B}.Release|x86.ActiveCfg = Release|Any CPU
		{0913C3A3-CC18-4892-B6B0-426B6857C85B}.Release|x86.Build.0 = Release|Any CPU
	EndGlobalSection
	GlobalSection(SolutionProperties) = preSolution
		HideSolutionNode = FALSE
	EndGlobalSection
	GlobalSection(ExtensibilityGlobals) = postSolution
		SolutionGuid = {4A68D9CF-901A-4C25-B4F6-9C0453DD28D0}
	EndGlobalSection
EndGlobal
